{
  "lockfileVersion": 1,
  "workspaces": {
    "": {
      "dependencies": {
        "react": "^19.1.0",
        "react-dom": "^19.1.0",
        "react-router-dom": "^7.6.3",
      },
    },
  },
  "packages": {
    "cookie": ["cookie@1.0.2", "", {}, "sha512-9Kr/j4O16ISv8zBBhJoi4bXOYNTkFLOqSL3UDB0njXxCXNezjeyVrJyGOWtgfs/q2km1gwBcfH8q1yEGoMYunA=="],

    "react": ["react@19.1.0", "", {}, "sha512-FS+XFBNvn3GTAWq26joslQgWNoFu08F4kl0J4CgdNKADkdSGXQyTCnKteIAJy96Br6YbpEU1LSzV5dYtjMkMDg=="],

    "react-dom": ["react-dom@19.1.0", "", { "dependencies": { "scheduler": "^0.26.0" }, "peerDependencies": { "react": "^19.1.0" } }, "sha512-Xs1hdnE+DyKgeHJeJznQmYMIBG3TKIHJJT95Q58nHLSrElKlGQqDTR2HQ9fx5CN/Gk6Vh/kupBTDLU11/nDk/g=="],

    "react-router": ["react-router@7.6.3", "", { "dependencies": { "cookie": "^1.0.1", "set-cookie-parser": "^2.6.0" }, "peerDependencies": { "react": ">=18", "react-dom": ">=18" }, "optionalPeers": ["react-dom"] }, "sha512-zf45LZp5skDC6I3jDLXQUu0u26jtuP4lEGbc7BbdyxenBN1vJSTA18czM2D+h5qyMBuMrD+9uB+mU37HIoKGRA=="],

    "react-router-dom": ["react-router-dom@7.6.3", "", { "dependencies": { "react-router": "7.6.3" }, "peerDependencies": { "react": ">=18", "react-dom": ">=18" } }, "sha512-DiWJm9qdUAmiJrVWaeJdu4TKu13+iB/8IEi0EW/XgaHCjW/vWGrwzup0GVvaMteuZjKnh5bEvJP/K0MDnzawHw=="],

    "scheduler": ["scheduler@0.26.0", "", {}, "sha512-NlHwttCI/l5gCPR3D1nNXtWABUmBwvZpEQiD4IXSbIDq8BzLIK/7Ir5gTFSGZDUu37K5cMNp0hFtzO38sC7gWA=="],

    "set-cookie-parser": ["set-cookie-parser@2.7.1", "", {}, "sha512-IOc8uWeOZgnb3ptbCURJWNjWUPcO3ZnTTdzsurqERrP6nPyv+paC55vJM0LpOlT2ne+Ix+9+CRG1MNLlyZ4GjQ=="],
  }
}
